
Microsoft Visual Studio Solution File, Format Version 12.00
# Visual Studio Version 17
VisualStudioVersion = 17.11.35303.130
MinimumVisualStudioVersion = 10.0.40219.1
Project("{9A19103F-16F7-4668-BE54-9A1E7A4F7556}") = "Contoso.Backend.Data", "Contoso.Backend.Data.csproj", "{133A4C43-5DB6-4D6D-8165-0D13328A6499}"
EndProject
Global
	GlobalSection(SolutionConfigurationPlatforms) = preSolution
		Debug|Any CPU = Debug|Any CPU
		Release|Any CPU = Release|Any CPU
	EndGlobalSection
	GlobalSection(ProjectConfigurationPlatforms) = postSolution
		{133A4C43-5DB6-4D6D-8165-0D13328A6499}.Debug|Any CPU.ActiveCfg = Debug|Any CPU
		{133A4C43-5DB6-4D6D-8165-0D13328A6499}.Debug|Any CPU.Build.0 = Debug|Any CPU
		{133A4C43-5DB6-4D6D-8165-0D13328A6499}.Release|Any CPU.ActiveCfg = Release|Any CPU
		{133A4C43-5DB6-4D6D-8165-0D13328A6499}.Release|Any CPU.Build.0 = Release|Any CPU
	EndGlobalSection
	GlobalSection(SolutionProperties) = preSolution
		HideSolutionNode = FALSE
	EndGlobalSection
	GlobalSection(ExtensibilityGlobals) = postSolution
		SolutionGuid = {C6248FD9-5B0A-4E35-8AEF-F8792FE049A0}
	EndGlobalSection
EndGlobal
